Microsoft Visual Studio Solution File, Format Version 12.00
# Visual Studio Version 17
VisualStudioVersion = 17.5.2.0
MinimumVisualStudioVersion = 10.0.40219.1
Project("{FAE04EC0-301F-11D3-BF4B-00C04F79EFBC}") = "ExhaustiveAnalyzer.Analyzer", "ExhaustiveAnalyzer.Analyzer\ExhaustiveAnalyzer.Analyzer.csproj", "{657E8C8A-7D23-5252-77F3-8C07A6C1EEBD}"
EndProject
Project("{FAE04EC0-301F-11D3-BF4B-00C04F79EFBC}") = "ExhaustiveAnalyzer.Tests", "ExhaustiveAnalyzer.Tests\ExhaustiveAnalyzer.Tests.csproj", "{3B596099-1BF2-47A7-AA30-B3ACCF14208A}"
EndProject
Project("{FAE04EC0-301F-11D3-BF4B-00C04F79EFBC}") = "ExhaustiveAnalyzer.App", "ExhaustiveAnalyzer.App\ExhaustiveAnalyzer.App.csproj", "{4B384F67-ED3C-46F3-BDBE-A4DF08C56624}"
EndProject
Global
	GlobalSection(SolutionConfigurationPlatforms) = preSolution
		Debug|Any CPU = Debug|Any CPU
		Release|Any CPU = Release|Any CPU
	EndGlobalSection
	GlobalSection(ProjectConfigurationPlatforms) = postSolution
		{657E8C8A-7D23-5252-77F3-8C07A6C1EEBD}.Debug|Any CPU.ActiveCfg = Debug|Any CPU
		{657E8C8A-7D23-5252-77F3-8C07A6C1EEBD}.Debug|Any CPU.Build.0 = Debug|Any CPU
		{657E8C8A-7D23-5252-77F3-8C07A6C1EEBD}.Release|Any CPU.ActiveCfg = Release|Any CPU
		{657E8C8A-7D23-5252-77F3-8C07A6C1EEBD}.Release|Any CPU.Build.0 = Release|Any CPU
		{3B596099-1BF2-47A7-AA30-B3ACCF14208A}.Debug|Any CPU.ActiveCfg = Debug|Any CPU
		{3B596099-1BF2-47A7-AA30-B3ACCF14208A}.Debug|Any CPU.Build.0 = Debug|Any CPU
		{3B596099-1BF2-47A7-AA30-B3ACCF14208A}.Release|Any CPU.ActiveCfg = Release|Any CPU
		{3B596099-1BF2-47A7-AA30-B3ACCF14208A}.Release|Any CPU.Build.0 = Release|Any CPU
		{4B384F67-ED3C-46F3-BDBE-A4DF08C56624}.Debug|Any CPU.ActiveCfg = Debug|Any CPU
		{4B384F67-ED3C-46F3-BDBE-A4DF08C56624}.Debug|Any CPU.Build.0 = Debug|Any CPU
		{4B384F67-ED3C-46F3-BDBE-A4DF08C56624}.Release|Any CPU.ActiveCfg = Release|Any CPU
		{4B384F67-ED3C-46F3-BDBE-A4DF08C56624}.Release|Any CPU.Build.0 = Release|Any CPU
	EndGlobalSection
	GlobalSection(SolutionProperties) = preSolution
		HideSolutionNode = FALSE
	EndGlobalSection
	GlobalSection(ExtensibilityGlobals) = postSolution
		SolutionGuid = {688E4E88-C4D6-4EA8-AAE7-09FF1CF71780}
	EndGlobalSection
EndGlobal
